// !$*UTF8*$!
{
	archiveVersion = 1;
	classes = {
	};
	objectVersion = 55;
	objects = {

/* Begin PBXBuildFile section */
		B9365F6427D44BD50093EA23 /* GenderTools_Proof_of_ConceptApp.swift in Sources */ = {isa = PBXBuildFile; fileRef = B9365F5427D44BD40093EA23 /* GenderTools_Proof_of_ConceptApp.swift */; };
		B9365F6527D44BD50093EA23 /* GenderTools_Proof_of_ConceptApp.swift in Sources */ = {isa = PBXBuildFile; fileRef = B9365F5427D44BD40093EA23 /* GenderTools_Proof_of_ConceptApp.swift */; };
		B9365F6627D44BD50093EA23 /* ContentView.swift in Sources */ = {isa = PBXBuildFile; fileRef = B9365F5527D44BD40093EA23 /* ContentView.swift */; };
		B9365F6727D44BD50093EA23 /* ContentView.swift in Sources */ = {isa = PBXBuildFile; fileRef = B9365F5527D44BD40093EA23 /* ContentView.swift */; };
		B9365F6827D44BD50093EA23 /* Assets.xcassets in Resources */ = {isa = PBXBuildFile; fileRef = B9365F5627D44BD50093EA23 /* Assets.xcassets */; };
		B9365F6927D44BD50093EA23 /* Assets.xcassets in Resources */ = {isa = PBXBuildFile; fileRef = B9365F5627D44BD50093EA23 /* Assets.xcassets */; };
/* End PBXBuildFile section */

/* Begin PBXFileReference section */
		B9365F5427D44BD40093EA23 /* GenderTools_Proof_of_ConceptApp.swift */ = {isa = PBXFileReference; lastKnownFileType = sourcecode.swift; path = GenderTools_Proof_of_ConceptApp.swift; sourceTree = "<group>"; };
		B9365F5527D44BD40093EA23 /* ContentView.swift */ = {isa = PBXFileReference; lastKnownFileType = sourcecode.swift; path = ContentView.swift; sourceTree = "<group>"; };
		B9365F5627D44BD50093EA23 /* Assets.xcassets */ = {isa = PBXFileReference; lastKnownFileType = folder.assetcatalog; path = Assets.xcassets; sourceTree = "<group>"; };
		B9365F5B27D44BD50093EA23 /* GenderTools Proof-of-Concept.app */ = {isa = PBXFileReference; explicitFileType = wrapper.application; includeInIndex = 0; path = "GenderTools Proof-of-Concept.app"; sourceTree = BUILT_PRODUCTS_DIR; };
		B9365F6127D44BD50093EA23 /* GenderTools Proof-of-Concept.app */ = {isa = PBXFileReference; explicitFileType = wrapper.application; includeInIndex = 0; path = "GenderTools Proof-of-Concept.app"; sourceTree = BUILT_PRODUCTS_DIR; };
		B9365F6327D44BD50093EA23 /* macOS.entitlements */ = {isa = PBXFileReference; lastKnownFileType = text.plist.entitlements; path = macOS.entitlements; sourceTree = "<group>"; };
/* End PBXFileReference section */

/* Begin PBXFrameworksBuildPhase section */
		B9365F5827D44BD50093EA23 /* Frameworks */ = {
			isa = PBXFrameworksBuildPhase;
			buildActionMask = 2147483647;
			files = (
			);
			runOnlyForDeploymentPostprocessing = 0;
		};
		B9365F5E27D44BD50093EA23 /* Frameworks */ = {
			isa = PBXFrameworksBuildPhase;
			buildActionMask = 2147483647;
			files = (
			);
			runOnlyForDeploymentPostprocessing = 0;
		};
/* End PBXFrameworksBuildPhase section */

/* Begin PBXGroup section */
		B9365F4E27D44BD40093EA23 = {
			isa = PBXGroup;
			children = (
				B9365F5327D44BD40093EA23 /* Shared */,
				B9365F6227D44BD50093EA23 /* macOS */,
				B9365F5C27D44BD50093EA23 /* Products */,
			);
			sourceTree = "<group>";
		};
		B9365F5327D44BD40093EA23 /* Shared */ = {
			isa = PBXGroup;
			children = (
				B9365F5427D44BD40093EA23 /* GenderTools_Proof_of_ConceptApp.swift */,
				B9365F5527D44BD40093EA23 /* ContentView.swift */,
				B9365F5627D44BD50093EA23 /* Assets.xcassets */,
			);
			path = Shared;
			sourceTree = "<group>";
		};
		B9365F5C27D44BD50093EA23 /* Products */ = {
			isa = PBXGroup;
			children = (
				B9365F5B27D44BD50093EA23 /* GenderTools Proof-of-Concept.app */,
				B9365F6127D44BD50093EA23 /* GenderTools Proof-of-Concept.app */,
			);
			name = Products;
			sourceTree = "<group>";
		};
		B9365F6227D44BD50093EA23 /* macOS */ = {
			isa = PBXGroup;
			children = (
				B9365F6327D44BD50093EA23 /* macOS.entitlements */,
			);
			path = macOS;
			sourceTree = "<group>";
		};
/* End PBXGroup section */

/* Begin PBXNativeTarget section */
		B9365F5A27D44BD50093EA23 /* GenderTools Proof-of-Concept (iOS) */ = {
			isa = PBXNativeTarget;
			buildConfigurationList = B9365F6C27D44BD50093EA23 /* Build configuration list for PBXNativeTarget "GenderTools Proof-of-Concept (iOS)" */;
			buildPhases = (
				B9365F5727D44BD50093EA23 /* Sources */,
				B9365F5827D44BD50093EA23 /* Frameworks */,
				B9365F5927D44BD50093EA23 /* Resources */,
			);
			buildRules = (
			);
			dependencies = (
			);
			name = "GenderTools Proof-of-Concept (iOS)";
			productName = "GenderTools Proof-of-Concept (iOS)";
			productReference = B9365F5B27D44BD50093EA23 /* GenderTools Proof-of-Concept.app */;
			productType = "com.apple.product-type.application";
		};
		B9365F6027D44BD50093EA23 /* GenderTools Proof-of-Concept (macOS) */ = {
			isa = PBXNativeTarget;
			buildConfigurationList = B9365F6F27D44BD50093EA23 /* Build configuration list for PBXNativeTarget "GenderTools Proof-of-Concept (macOS)" */;
			buildPhases = (
				B9365F5D27D44BD50093EA23 /* Sources */,
				B9365F5E27D44BD50093EA23 /* Frameworks */,
				B9365F5F27D44BD50093EA23 /* Resources */,
			);
			buildRules = (
			);
			dependencies = (
			);
			name = "GenderTools Proof-of-Concept (macOS)";
			productName = "GenderTools Proof-of-Concept (macOS)";
			productReference = B9365F6127D44BD50093EA23 /* GenderTools Proof-of-Concept.app */;
			productType = "com.apple.product-type.application";
		};
/* End PBXNativeTarget section */

/* Begin PBXProject section */
		B9365F4F27D44BD40093EA23 /* Project object */ = {
			isa = PBXProject;
			attributes = {
				BuildIndependentTargetsInParallel = 1;
				LastSwiftUpdateCheck = 1320;
				LastUpgradeCheck = 1320;
				TargetAttributes = {
					B9365F5A27D44BD50093EA23 = {
						CreatedOnToolsVersion = 13.2.1;
					};
					B9365F6027D44BD50093EA23 = {
						CreatedOnToolsVersion = 13.2.1;
					};
				};
			};
			buildConfigurationList = B9365F5227D44BD40093EA23 /* Build configuration list for PBXProject "GenderTools Proof-of-Concept" */;
			compatibilityVersion = "Xcode 13.0";
			developmentRegion = en;
			hasScannedForEncodings = 0;
			knownRegions = (
				en,
				Base,
			);
			mainGroup = B9365F4E27D44BD40093EA23;
			productRefGroup = B9365F5C27D44BD50093EA23 /* Products */;
			projectDirPath = "";
			projectRoot = "";
			targets = (
				B9365F5A27D44BD50093EA23 /* GenderTools Proof-of-Concept (iOS) */,
				B9365F6027D44BD50093EA23 /* GenderTools Proof-of-Concept (macOS) */,
			);
		};
/* End PBXProject section */

/* Begin PBXResourcesBuildPhase section */
		B9365F5927D44BD50093EA23 /* Resources */ = {
			isa = PBXResourcesBuildPhase;
			buildActionMask = 2147483647;
			files = (
				B9365F6827D44BD50093EA23 /* Assets.xcassets in Resources */,
			);
			runOnlyForDeploymentPostprocessing = 0;
		};
		B9365F5F27D44BD50093EA23 /* Resources */ = {
			isa = PBXResourcesBuildPhase;
			buildActionMask = 2147483647;
			files = (
				B9365F6927D44BD50093EA23 /* Assets.xcassets in Resources */,
			);
			runOnlyForDeploymentPostprocessing = 0;
		};
/* End PBXResourcesBuildPhase section */

/* Begin PBXSourcesBuildPhase section */
		B9365F5727D44BD50093EA23 /* Sources */ = {
			isa = PBXSourcesBuildPhase;
			buildActionMask = 2147483647;
			files = (
				B9365F6627D44BD50093EA23 /* ContentView.swift in Sources */,
				B9365F6427D44BD50093EA23 /* GenderTools_Proof_of_ConceptApp.swift in Sources */,
			);
			runOnlyForDeploymentPostprocessing = 0;
		};
		B9365F5D27D44BD50093EA23 /* Sources */ = {
			isa = PBXSourcesBuildPhase;
			buildActionMask = 2147483647;
			files = (
				B9365F6727D44BD50093EA23 /* ContentView.swift in Sources */,
				B9365F6527D44BD50093EA23 /* GenderTools_Proof_of_ConceptApp.swift in Sources */,
			);
			runOnlyForDeploymentPostprocessing = 0;
		};
/* End PBXSourcesBuildPhase section */

/* Begin XCBuildConfiguration section */
		B9365F6A27D44BD50093EA23 /* Debug */ = {
			isa = XCBuildConfiguration;
			buildSettings = {
				ALWAYS_SEARCH_USER_PATHS = NO;
				CLANG_ANALYZER_NONNULL = YES;
				CLANG_ANALYZER_NUMBER_OBJECT_CONVERSION = YES_AGGRESSIVE;
				CLANG_CXX_LANGUAGE_STANDARD = "gnu++17";
				CLANG_CXX_LIBRARY = "libc++";
				CLANG_ENABLE_MODULES = YES;
				CLANG_ENABLE_OBJC_ARC = YES;
				CLANG_ENABLE_OBJC_WEAK = YES;
				CLANG_WARN_BLOCK_CAPTURE_AUTORELEASING = YES;
				CLANG_WARN_BOOL_CONVERSION = YES;
				CLANG_WARN_COMMA = YES;
				CLANG_WARN_CONSTANT_CONVERSION = YES;
				CLANG_WARN_DEPRECATED_OBJC_IMPLEMENTATIONS = YES;
				CLANG_WARN_DIRECT_OBJC_ISA_USAGE = YES_ERROR;
				CLANG_WARN_DOCUMENTATION_COMMENTS = YES;
				CLANG_WARN_EMPTY_BODY = YES;
				CLANG_WARN_ENUM_CONVERSION = YES;
				CLANG_WARN_INFINITE_RECURSION = YES;
				CLANG_WARN_INT_CONVERSION = YES;
				CLANG_WARN_NON_LITERAL_NULL_CONVERSION = YES;
				CLANG_WARN_OBJC_IMPLICIT_RETAIN_SELF = YES;
				CLANG_WARN_OBJC_LITERAL_CONVERSION = YES;
				CLANG_WARN_OBJC_ROOT_CLASS = YES_ERROR;
				CLANG_WARN_QUOTED_INCLUDE_IN_FRAMEWORK_HEADER = YES;
				CLANG_WARN_RANGE_LOOP_ANALYSIS = YES;
				CLANG_WARN_STRICT_PROTOTYPES = YES;
				CLANG_WARN_SUSPICIOUS_MOVE = YES;
				CLANG_WARN_UNGUARDED_AVAILABILITY = YES_AGGRESSIVE;
				CLANG_WARN_UNREACHABLE_CODE = YES;
				CLANG_WARN__DUPLICATE_METHOD_MATCH = YES;
				COPY_PHASE_STRIP = NO;
				DEBUG_INFORMATION_FORMAT = dwarf;
				ENABLE_STRICT_OBJC_MSGSEND = YES;
				ENABLE_TESTABILITY = YES;
				GCC_C_LANGUAGE_STANDARD = gnu11;
				GCC_DYNAMIC_NO_PIC = NO;
				GCC_NO_COMMON_BLOCKS = YES;
				GCC_OPTIMIZATION_LEVEL = 0;
				GCC_PREPROCESSOR_DEFINITIONS = (
					"DEBUG=1",
					"$(inherited)",
				);
				GCC_WARN_64_TO_32_BIT_CONVERSION = YES;
				GCC_WARN_ABOUT_RETURN_TYPE = YES_ERROR;
				GCC_WARN_UNDECLARED_SELECTOR = YES;
				GCC_WARN_UNINITIALIZED_AUTOS = YES_AGGRESSIVE;
				GCC_WARN_UNUSED_FUNCTION = YES;
				GCC_WARN_UNUSED_VARIABLE = YES;
				MTL_ENABLE_DEBUG_INFO = INCLUDE_SOURCE;
				MTL_FAST_MATH = YES;
				ONLY_ACTIVE_ARCH = YES;
				SWIFT_ACTIVE_COMPILATION_CONDITIONS = DEBUG;
				SWIFT_OPTIMIZATION_LEVEL = "-Onone";
			};
			name = Debug;
		};
		B9365F6B27D44BD50093EA23 /* Release */ = {
			isa = XCBuildConfiguration;
			buildSettings = {
				ALWAYS_SEARCH_USER_PATHS = NO;
				CLANG_ANALYZER_NONNULL = YES;
				CLANG_ANALYZER_NUMBER_OBJECT_CONVERSION = YES_AGGRESSIVE;
				CLANG_CXX_LANGUAGE_STANDARD = "gnu++17";
				CLANG_CXX_LIBRARY = "libc++";
				CLANG_ENABLE_MODULES = YES;
				CLANG_ENABLE_OBJC_ARC = YES;
				CLANG_ENABLE_OBJC_WEAK = YES;
				CLANG_WARN_BLOCK_CAPTURE_AUTORELEASING = YES;
				CLANG_WARN_BOOL_CONVERSION = YES;
				CLANG_WARN_COMMA = YES;
				CLANG_WARN_CONSTANT_CONVERSION = YES;
				CLANG_WARN_DEPRECATED_OBJC_IMPLEMENTATIONS = YES;
				CLANG_WARN_DIRECT_OBJC_ISA_USAGE = YES_ERROR;
				CLANG_WARN_DOCUMENTATION_COMMENTS = YES;
				CLANG_WARN_EMPTY_BODY = YES;
				CLANG_WARN_ENUM_CONVERSION = YES;
				CLANG_WARN_INFINITE_RECURSION = YES;
				CLANG_WARN_INT_CONVERSION = YES;
				CLANG_WARN_NON_LITERAL_NULL_CONVERSION = YES;
				CLANG_WARN_OBJC_IMPLICIT_RETAIN_SELF = YES;
				CLANG_WARN_OBJC_LITERAL_CONVERSION = YES;
				CLANG_WARN_OBJC_ROOT_CLASS = YES_ERROR;
				CLANG_WARN_QUOTED_INCLUDE_IN_FRAMEWORK_HEADER = YES;
				CLANG_WARN_RANGE_LOOP_ANALYSIS = YES;
				CLANG_WARN_STRICT_PROTOTYPES = YES;
				CLANG_WARN_SUSPICIOUS_MOVE = YES;
				CLANG_WARN_UNGUARDED_AVAILABILITY = YES_AGGRESSIVE;
				CLANG_WARN_UNREACHABLE_CODE = YES;
				CLANG_WARN__DUPLICATE_METHOD_MATCH = YES;
				COPY_PHASE_STRIP = NO;
				DEBUG_INFORMATION_FORMAT = "dwarf-with-dsym";
				ENABLE_NS_ASSERTIONS = NO;
				ENABLE_STRICT_OBJC_MSGSEND = YES;
				GCC_C_LANGUAGE_STANDARD = gnu11;
				GCC_NO_COMMON_BLOCKS = YES;
				GCC_WARN_64_TO_32_BIT_CONVERSION = YES;
				GCC_WARN_ABOUT_RETURN_TYPE = YES_ERROR;
				GCC_WARN_UNDECLARED_SELECTOR = YES;
				GCC_WARN_UNINITIALIZED_AUTOS = YES_AGGRESSIVE;
				GCC_WARN_UNUSED_FUNCTION = YES;
				GCC_WARN_UNUSED_VARIABLE = YES;
				MTL_ENABLE_DEBUG_INFO = NO;
				MTL_FAST_MATH = YES;
				SWIFT_COMPILATION_MODE = wholemodule;
				SWIFT_OPTIMIZATION_LEVEL = "-O";
			};
			name = Release;
		};
		B9365F6D27D44BD50093EA23 /* Debug */ = {
			isa = XCBuildConfiguration;
			buildSettings = {
				ASSETCATALOG_COMPILER_APPICON_NAME = AppIcon;
				ASSETCATALOG_COMPILER_GLOBAL_ACCENT_COLOR_NAME = AccentColor;
				CODE_SIGN_STYLE = Automatic;
				CURRENT_PROJECT_VERSION = 1;
				DEVELOPMENT_TEAM = 26V9MK8TGP;
				ENABLE_PREVIEWS = YES;
				GENERATE_INFOPLIST_FILE = YES;
				INFOPLIST_KEY_UIApplicationSceneManifest_Generation = YES;
				INFOPLIST_KEY_UIApplicationSupportsIndirectInputEvents = YES;
				INFOPLIST_KEY_UILaunchScreen_Generation = YES;
				INFOPLIST_KEY_UISupportedInterfaceOrientations_iPad = "UIInterfaceOrientationPortrait UIInterfaceOrientationPortraitUpsideDown UIInterfaceOrientationLandscapeLeft UIInterfaceOrientationLandscapeRight";
				INFOPLIST_KEY_UISupportedInterfaceOrientations_iPhone = "UIInterfaceOrientationPortrait UIInterfaceOrientationLandscapeLeft UIInterfaceOrientationLandscapeRight";
				IPHONEOS_DEPLOYMENT_TARGET = 15.2;
				LD_RUNPATH_SEARCH_PATHS = (
					"$(inherited)",
					"@executable_path/Frameworks",
				);
				MARKETING_VERSION = 1.0;
				PRODUCT_BUNDLE_IDENTIFIER = "me.kyleggiero.GenderTools-Proof-of-Concept";
				PRODUCT_NAME = "GenderTools Proof-of-Concept";
				SDKROOT = iphoneos;
				SWIFT_EMIT_LOC_STRINGS = YES;
				SWIFT_VERSION = 5.0;
				TARGETED_DEVICE_FAMILY = "1,2";
			};
			name = Debug;
		};
		B9365F6E27D44BD50093EA23 /* Release */ = {
			isa = XCBuildConfiguration;
			buildSettings = {
				ASSETCATALOG_COMPILER_APPICON_NAME = AppIcon;
				ASSETCATALOG_COMPILER_GLOBAL_ACCENT_COLOR_NAME = AccentColor;
				CODE_SIGN_STYLE = Automatic;
				CURRENT_PROJECT_VERSION = 1;
				DEVELOPMENT_TEAM = 26V9MK8TGP;
				ENABLE_PREVIEWS = YES;
				GENERATE_INFOPLIST_FILE = YES;
				INFOPLIST_KEY_UIApplicationSceneManifest_Generation = YES;
				INFOPLIST_KEY_UIApplicationSupportsIndirectInputEvents = YES;
				INFOPLIST_KEY_UILaunchScreen_Generation = YES;
				INFOPLIST_KEY_UISupportedInterfaceOrientations_iPad = "UIInterfaceOrientationPortrait UIInterfaceOrientationPortraitUpsideDown UIInterfaceOrientationLandscapeLeft UIInterfaceOrientationLandscapeRight";
				INFOPLIST_KEY_UISupportedInterfaceOrientations_iPhone = "UIInterfaceOrientationPortrait UIInterfaceOrientationLandscapeLeft UIInterfaceOrientationLandscapeRight";
				IPHONEOS_DEPLOYMENT_TARGET = 15.2;
				LD_RUNPATH_SEARCH_PATHS = (
					"$(inherited)",
					"@executable_path/Frameworks",
				);
				MARKETING_VERSION = 1.0;
				PRODUCT_BUNDLE_IDENTIFIER = "me.kyleggiero.GenderTools-Proof-of-Concept";
				PRODUCT_NAME = "GenderTools Proof-of-Concept";
				SDKROOT = iphoneos;
				SWIFT_EMIT_LOC_STRINGS = YES;
				SWIFT_VERSION = 5.0;
				TARGETED_DEVICE_FAMILY = "1,2";
				VALIDATE_PRODUCT = YES;
			};
			name = Release;
		};
		B9365F7027D44BD50093EA23 /* Debug */ = {
			isa = XCBuildConfiguration;
			buildSettings = {
				ASSETCATALOG_COMPILER_APPICON_NAME = AppIcon;
				ASSETCATALOG_COMPILER_GLOBAL_ACCENT_COLOR_NAME = AccentColor;
				CODE_SIGN_ENTITLEMENTS = macOS/macOS.entitlements;
				CODE_SIGN_STYLE = Automatic;
				COMBINE_HIDPI_IMAGES = YES;
				CURRENT_PROJECT_VERSION = 1;
				DEVELOPMENT_TEAM = 26V9MK8TGP;
				ENABLE_HARDENED_RUNTIME = YES;
				ENABLE_PREVIEWS = YES;
				GENERATE_INFOPLIST_FILE = YES;
				INFOPLIST_KEY_NSHumanReadableCopyright = "";
				LD_RUNPATH_SEARCH_PATHS = (
					"$(inherited)",
					"@executable_path/../Frameworks",
				);
				MACOSX_DEPLOYMENT_TARGET = 12.0;
				MARKETING_VERSION = 1.0;
				PRODUCT_BUNDLE_IDENTIFIER = "me.kyleggiero.GenderTools-Proof-of-Concept";
				PRODUCT_NAME = "GenderTools Proof-of-Concept";
				SDKROOT = macosx;
				SWIFT_EMIT_LOC_STRINGS = YES;
				SWIFT_VERSION = 5.0;
			};
			name = Debug;
		};
		B9365F7127D44BD50093EA23 /* Release */ = {
			isa = XCBuildConfiguration;
			buildSettings = {
				ASSETCATALOG_COMPILER_APPICON_NAME = AppIcon;
				ASSETCATALOG_COMPILER_GLOBAL_ACCENT_COLOR_NAME = AccentColor;
				CODE_SIGN_ENTITLEMENTS = macOS/macOS.entitlements;
				CODE_SIGN_STYLE = Automatic;
				COMBINE_HIDPI_IMAGES = YES;
				CURRENT_PROJECT_VERSION = 1;
				DEVELOPMENT_TEAM = 26V9MK8TGP;
				ENABLE_HARDENED_RUNTIME = YES;
				ENABLE_PREVIEWS = YES;
				GENERATE_INFOPLIST_FILE = YES;
				INFOPLIST_KEY_NSHumanReadableCopyright = "";
				LD_RUNPATH_SEARCH_PATHS = (
					"$(inherited)",
					"@executable_path/../Frameworks",
				);
				MACOSX_DEPLOYMENT_TARGET = 12.0;
				MARKETING_VERSION = 1.0;
				PRODUCT_BUNDLE_IDENTIFIER = "me.kyleggiero.GenderTools-Proof-of-Concept";
				PRODUCT_NAME = "GenderTools Proof-of-Concept";
				SDKROOT = macosx;
				SWIFT_EMIT_LOC_STRINGS = YES;
				SWIFT_VERSION = 5.0;
			};
			name = Release;
		};
/* End XCBuildConfiguration section */

/* Begin XCConfigurationList section */
		B9365F5227D44BD40093EA23 /* Build configuration list for PBXProject "GenderTools Proof-of-Concept" */ = {
			isa = XCConfigurationList;
			buildConfigurations = (
				B9365F6A27D44BD50093EA23 /* Debug */,
				B9365F6B27D44BD50093EA23 /* Release */,
			);
			defaultConfigurationIsVisible = 0;
			defaultConfigurationName = Release;
		};
		B9365F6C27D44BD50093EA23 /* Build configuration list for PBXNativeTarget "GenderTools Proof-of-Concept (iOS)" */ = {
			isa = XCConfigurationList;
			buildConfigurations = (
				B9365F6D27D44BD50093EA23 /* Debug */,
				B9365F6E27D44BD50093EA23 /* Release */,
			);
			defaultConfigurationIsVisible = 0;
			defaultConfigurationName = Release;
		};
		B9365F6F27D44BD50093EA23 /* Build configuration list for PBXNativeTarget "GenderTools Proof-of-Concept (macOS)" */ = {
			isa = XCConfigurationList;
			buildConfigurations = (
				B9365F7027D44BD50093EA23 /* Debug */,
				B9365F7127D44BD50093EA23 /* Release */,
			);
			defaultConfigurationIsVisible = 0;
			defaultConfigurationName = Release;
		};
/* End XCConfigurationList section */
	};
	rootObject = B9365F4F27D44BD40093EA23 /* Project object */;
}
